
Microsoft Visual Studio Solution File, Format Version 12.00
# Visual Studio Version 17
VisualStudioVersion = 17.14.36301.6 d17.14
MinimumVisualStudioVersion = 10.0.40219.1
Project("{FAE04EC0-301F-11D3-BF4B-00C04F79EFBC}") = "EventDispatcher", "EventDispatcher\EventDispatcher.csproj", "{D11960CF-C94F-40AB-A4C9-76EE7B9EF3C5}"
EndProject
Global
	GlobalSection(SolutionConfigurationPlatforms) = preSolution
		Debug|Any CPU = Debug|Any CPU
		Release|Any CPU = Release|Any CPU
	EndGlobalSection
	GlobalSection(ProjectConfigurationPlatforms) = postSolution
		{D11960CF-C94F-40AB-A4C9-76EE7B9EF3C5}.Debug|Any CPU.ActiveCfg = Debug|Any CPU
		{D11960CF-C94F-40AB-A4C9-76EE7B9EF3C5}.Debug|Any CPU.Build.0 = Debug|Any CPU
		{D11960CF-C94F-40AB-A4C9-76EE7B9EF3C5}.Release|Any CPU.ActiveCfg = Release|Any CPU
		{D11960CF-C94F-40AB-A4C9-76EE7B9EF3C5}.Release|Any CPU.Build.0 = Release|Any CPU
	EndGlobalSection
	GlobalSection(SolutionProperties) = preSolution
		HideSolutionNode = FALSE
	EndGlobalSection
	GlobalSection(ExtensibilityGlobals) = postSolution
		SolutionGuid = {784F4C14-23FB-4BFF-BDCF-43096F757F00}
	EndGlobalSection
EndGlobal
